
Microsoft Visual Studio Solution File, Format Version 12.00
# Visual Studio Version 17
VisualStudioVersion = 17.8.34112.27
MinimumVisualStudioVersion = 10.0.40219.1
Project("{2150E333-8FDC-42A3-9474-1A3956D46DE8}") = "Services", "Services", "{A0370056-D424-404E-B90D-145BFC51BFE8}"
EndProject
Project("{2150E333-8FDC-42A3-9474-1A3956D46DE8}") = "Catalog", "Catalog", "{4C364F16-4AFA-4DFF-BB67-A0EF9F8100F2}"
EndProject
Project("{FAE04EC0-301F-11D3-BF4B-00C04F79EFBC}") = "MultiShop.Catalog", "Services\Catalog\MultiShop.Catalog\MultiShop.Catalog.csproj", "{60CE9091-8DFA-4105-BB6C-C6A69DCAD521}"
EndProject
Project("{2150E333-8FDC-42A3-9474-1A3956D46DE8}") = "Discount", "Discount", "{BC7830DC-3F99-4005-A51F-052BBB69F483}"
EndProject
Project("{FAE04EC0-301F-11D3-BF4B-00C04F79EFBC}") = "MultiShop.Discount", "Services\Discount\MultiShop.Discount\MultiShop.Discount.csproj", "{16BB4849-2918-4E36-AA13-71A5C9A50F89}"
EndProject
Project("{2150E333-8FDC-42A3-9474-1A3956D46DE8}") = "Order", "Order", "{4697C452-53BC-4F75-AAA4-25B8E1700541}"
EndProject
Project("{2150E333-8FDC-42A3-9474-1A3956D46DE8}") = "Core", "Core", "{AD7EDB3B-2EE5-4582-AD2F-14E37ED6A29A}"
EndProject
Project("{2150E333-8FDC-42A3-9474-1A3956D46DE8}") = "Infrastructure", "Infrastructure", "{260489C1-731B-4201-96F1-FCE72036B80F}"
EndProject
Project("{2150E333-8FDC-42A3-9474-1A3956D46DE8}") = "Presantation", "Presantation", "{428AA132-ABE0-46EA-9DC4-96CE7BCA8729}"
EndProject
Project("{FAE04EC0-301F-11D3-BF4B-00C04F79EFBC}") = "MultiShop.Order.Domain", "Services\Order\Core\MultiShop.Order.Domain\MultiShop.Order.Domain.csproj", "{C1D6294B-969B-4E34-8F99-B88BCD07465D}"
EndProject
Project("{FAE04EC0-301F-11D3-BF4B-00C04F79EFBC}") = "MultiShop.Order.Application", "services\Order\Core\MultiShop.Order.Application\MultiShop.Order.Application.csproj", "{64111F8A-4C1A-4A4D-9409-585598CEB653}"
EndProject
Project("{FAE04EC0-301F-11D3-BF4B-00C04F79EFBC}") = "MultiShop.Order.WebApi", "Services\Order\Presentation\MultiShop.Order.WebApi\MultiShop.Order.WebApi.csproj", "{F8ED05DE-C049-440C-960A-02F33F477BF6}"
EndProject
Project("{FAE04EC0-301F-11D3-BF4B-00C04F79EFBC}") = "MultiShop.Order.Persistence", "Services\Order\Infrastructure\MultiShop.Order.Persistence\MultiShop.Order.Persistence.csproj", "{20DD8FE0-B7A6-44BC-8F4B-EE47CF509064}"
EndProject
Project("{2150E333-8FDC-42A3-9474-1A3956D46DE8}") = "IdentityServer", "IdentityServer", "{BD38FDBC-BEB3-4978-8901-9119F966D7B0}"
EndProject
Project("{FAE04EC0-301F-11D3-BF4B-00C04F79EFBC}") = "MultiShop.IdentityServer", "IdentityServer\MultiShop.IdentityServer\MultiShop.IdentityServer.csproj", "{7FDE7D0A-6AC9-429F-9424-42883559F36E}"
EndProject
Project("{2150E333-8FDC-42A3-9474-1A3956D46DE8}") = "Cargo", "Cargo", "{F0251848-D2D7-4E58-8834-4CCD8D0805DE}"
EndProject
Project("{FAE04EC0-301F-11D3-BF4B-00C04F79EFBC}") = "MultiShop.Cargo.EntityLayer", "Services\Cargo\MultiShop.Cargo.EntityLayer\MultiShop.Cargo.EntityLayer.csproj", "{1612EDE9-49EC-4EFE-88A8-835E1A33478C}"
EndProject
Project("{FAE04EC0-301F-11D3-BF4B-00C04F79EFBC}") = "MultiShop.Cargo.BusinessLayer", "Services\Cargo\MultiShop.Cargo.BusinessLayer\MultiShop.Cargo.BusinessLayer.csproj", "{D858D3C8-57A8-4567-BE16-0018DF6739E7}"
EndProject
Project("{FAE04EC0-301F-11D3-BF4B-00C04F79EFBC}") = "MultiShop.Cargo.DataAccessLayer", "Services\Cargo\MultiShop.Cargo.DataAccessLayer\MultiShop.Cargo.DataAccessLayer.csproj", "{ABFABB0D-8A24-47D0-AC93-BF2749AE5396}"
EndProject
Project("{FAE04EC0-301F-11D3-BF4B-00C04F79EFBC}") = "MultiShop.Cargo.DtoLayer", "Services\Cargo\MultiShop.Cargo.DtoLayer\MultiShop.Cargo.DtoLayer.csproj", "{BFC4EBBE-CEE8-40F6-857F-13765C9CA526}"
EndProject
Project("{FAE04EC0-301F-11D3-BF4B-00C04F79EFBC}") = "MultiShop.Cargo.WebApi", "Services\Cargo\MultiShop.Cargo.WebApi\MultiShop.Cargo.WebApi.csproj", "{E0A92A41-0F3F-485F-B0D0-6C3CF982DAB5}"
EndProject
Global
	GlobalSection(SolutionConfigurationPlatforms) = preSolution
		Debug|Any CPU = Debug|Any CPU
		Release|Any CPU = Release|Any CPU
	EndGlobalSection
	GlobalSection(ProjectConfigurationPlatforms) = postSolution
		{60CE9091-8DFA-4105-BB6C-C6A69DCAD521}.Debug|Any CPU.ActiveCfg = Debug|Any CPU
		{60CE9091-8DFA-4105-BB6C-C6A69DCAD521}.Debug|Any CPU.Build.0 = Debug|Any CPU
		{60CE9091-8DFA-4105-BB6C-C6A69DCAD521}.Release|Any CPU.ActiveCfg = Release|Any CPU
		{60CE9091-8DFA-4105-BB6C-C6A69DCAD521}.Release|Any CPU.Build.0 = Release|Any CPU
		{16BB4849-2918-4E36-AA13-71A5C9A50F89}.Debug|Any CPU.ActiveCfg = Debug|Any CPU
		{16BB4849-2918-4E36-AA13-71A5C9A50F89}.Debug|Any CPU.Build.0 = Debug|Any CPU
		{16BB4849-2918-4E36-AA13-71A5C9A50F89}.Release|Any CPU.ActiveCfg = Release|Any CPU
		{16BB4849-2918-4E36-AA13-71A5C9A50F89}.Release|Any CPU.Build.0 = Release|Any CPU
		{C1D6294B-969B-4E34-8F99-B88BCD07465D}.Debug|Any CPU.ActiveCfg = Debug|Any CPU
		{C1D6294B-969B-4E34-8F99-B88BCD07465D}.Debug|Any CPU.Build.0 = Debug|Any CPU
		{C1D6294B-969B-4E34-8F99-B88BCD07465D}.Release|Any CPU.ActiveCfg = Release|Any CPU
		{C1D6294B-969B-4E34-8F99-B88BCD07465D}.Release|Any CPU.Build.0 = Release|Any CPU
		{64111F8A-4C1A-4A4D-9409-585598CEB653}.Debug|Any CPU.ActiveCfg = Debug|Any CPU
		{64111F8A-4C1A-4A4D-9409-585598CEB653}.Debug|Any CPU.Build.0 = Debug|Any CPU
		{64111F8A-4C1A-4A4D-9409-585598CEB653}.Release|Any CPU.ActiveCfg = Release|Any CPU
		{64111F8A-4C1A-4A4D-9409-585598CEB653}.Release|Any CPU.Build.0 = Release|Any CPU
		{F8ED05DE-C049-440C-960A-02F33F477BF6}.Debug|Any CPU.ActiveCfg = Debug|Any CPU
		{F8ED05DE-C049-440C-960A-02F33F477BF6}.Debug|Any CPU.Build.0 = Debug|Any CPU
		{F8ED05DE-C049-440C-960A-02F33F477BF6}.Release|Any CPU.ActiveCfg = Release|Any CPU
		{F8ED05DE-C049-440C-960A-02F33F477BF6}.Release|Any CPU.Build.0 = Release|Any CPU
		{20DD8FE0-B7A6-44BC-8F4B-EE47CF509064}.Debug|Any CPU.ActiveCfg = Debug|Any CPU
		{20DD8FE0-B7A6-44BC-8F4B-EE47CF509064}.Debug|Any CPU.Build.0 = Debug|Any CPU
		{20DD8FE0-B7A6-44BC-8F4B-EE47CF509064}.Release|Any CPU.ActiveCfg = Release|Any CPU
		{20DD8FE0-B7A6-44BC-8F4B-EE47CF509064}.Release|Any CPU.Build.0 = Release|Any CPU
		{7FDE7D0A-6AC9-429F-9424-42883559F36E}.Debug|Any CPU.ActiveCfg = Debug|Any CPU
		{7FDE7D0A-6AC9-429F-9424-42883559F36E}.Debug|Any CPU.Build.0 = Debug|Any CPU
		{7FDE7D0A-6AC9-429F-9424-42883559F36E}.Release|Any CPU.ActiveCfg = Release|Any CPU
		{7FDE7D0A-6AC9-429F-9424-42883559F36E}.Release|Any CPU.Build.0 = Release|Any CPU
		{1612EDE9-49EC-4EFE-88A8-835E1A33478C}.Debug|Any CPU.ActiveCfg = Debug|Any CPU
		{1612EDE9-49EC-4EFE-88A8-835E1A33478C}.Debug|Any CPU.Build.0 = Debug|Any CPU
		{1612EDE9-49EC-4EFE-88A8-835E1A33478C}.Release|Any CPU.ActiveCfg = Release|Any CPU
		{1612EDE9-49EC-4EFE-88A8-835E1A33478C}.Release|Any CPU.Build.0 = Release|Any CPU
		{D858D3C8-57A8-4567-BE16-0018DF6739E7}.Debug|Any CPU.ActiveCfg = Debug|Any CPU
		{D858D3C8-57A8-4567-BE16-0018DF6739E7}.Debug|Any CPU.Build.0 = Debug|Any CPU
		{D858D3C8-57A8-4567-BE16-0018DF6739E7}.Release|Any CPU.ActiveCfg = Release|Any CPU
		{D858D3C8-57A8-4567-BE16-0018DF6739E7}.Release|Any CPU.Build.0 = Release|Any CPU
		{ABFABB0D-8A24-47D0-AC93-BF2749AE5396}.Debug|Any CPU.ActiveCfg = Debug|Any CPU
		{ABFABB0D-8A24-47D0-AC93-BF2749AE5396}.Debug|Any CPU.Build.0 = Debug|Any CPU
		{ABFABB0D-8A24-47D0-AC93-BF2749AE5396}.Release|Any CPU.ActiveCfg = Release|Any CPU
		{ABFABB0D-8A24-47D0-AC93-BF2749AE5396}.Release|Any CPU.Build.0 = Release|Any CPU
		{BFC4EBBE-CEE8-40F6-857F-13765C9CA526}.Debug|Any CPU.ActiveCfg = Debug|Any CPU
		{BFC4EBBE-CEE8-40F6-857F-13765C9CA526}.Debug|Any CPU.Build.0 = Debug|Any CPU
		{BFC4EBBE-CEE8-40F6-857F-13765C9CA526}.Release|Any CPU.ActiveCfg = Release|Any CPU
		{BFC4EBBE-CEE8-40F6-857F-13765C9CA526}.Release|Any CPU.Build.0 = Release|Any CPU
		{E0A92A41-0F3F-485F-B0D0-6C3CF982DAB5}.Debug|Any CPU.ActiveCfg = Debug|Any CPU
		{E0A92A41-0F3F-485F-B0D0-6C3CF982DAB5}.Debug|Any CPU.Build.0 = Debug|Any CPU
		{E0A92A41-0F3F-485F-B0D0-6C3CF982DAB5}.Release|Any CPU.ActiveCfg = Release|Any CPU
		{E0A92A41-0F3F-485F-B0D0-6C3CF982DAB5}.Release|Any CPU.Build.0 = Release|Any CPU
	EndGlobalSection
	GlobalSection(SolutionProperties) = preSolution
		HideSolutionNode = FALSE
	EndGlobalSection
	GlobalSection(NestedProjects) = preSolution
		{4C364F16-4AFA-4DFF-BB67-A0EF9F8100F2} = {A0370056-D424-404E-B90D-145BFC51BFE8}
		{60CE9091-8DFA-4105-BB6C-C6A69DCAD521} = {4C364F16-4AFA-4DFF-BB67-A0EF9F8100F2}
		{BC7830DC-3F99-4005-A51F-052BBB69F483} = {A0370056-D424-404E-B90D-145BFC51BFE8}
		{16BB4849-2918-4E36-AA13-71A5C9A50F89} = {BC7830DC-3F99-4005-A51F-052BBB69F483}
		{4697C452-53BC-4F75-AAA4-25B8E1700541} = {A0370056-D424-404E-B90D-145BFC51BFE8}
		{AD7EDB3B-2EE5-4582-AD2F-14E37ED6A29A} = {4697C452-53BC-4F75-AAA4-25B8E1700541}
		{260489C1-731B-4201-96F1-FCE72036B80F} = {4697C452-53BC-4F75-AAA4-25B8E1700541}
		{428AA132-ABE0-46EA-9DC4-96CE7BCA8729} = {4697C452-53BC-4F75-AAA4-25B8E1700541}
		{C1D6294B-969B-4E34-8F99-B88BCD07465D} = {AD7EDB3B-2EE5-4582-AD2F-14E37ED6A29A}
		{64111F8A-4C1A-4A4D-9409-585598CEB653} = {AD7EDB3B-2EE5-4582-AD2F-14E37ED6A29A}
		{F8ED05DE-C049-440C-960A-02F33F477BF6} = {428AA132-ABE0-46EA-9DC4-96CE7BCA8729}
		{20DD8FE0-B7A6-44BC-8F4B-EE47CF509064} = {260489C1-731B-4201-96F1-FCE72036B80F}
		{7FDE7D0A-6AC9-429F-9424-42883559F36E} = {BD38FDBC-BEB3-4978-8901-9119F966D7B0}
		{F0251848-D2D7-4E58-8834-4CCD8D0805DE} = {A0370056-D424-404E-B90D-145BFC51BFE8}
		{1612EDE9-49EC-4EFE-88A8-835E1A33478C} = {F0251848-D2D7-4E58-8834-4CCD8D0805DE}
		{D858D3C8-57A8-4567-BE16-0018DF6739E7} = {F0251848-D2D7-4E58-8834-4CCD8D0805DE}
		{ABFABB0D-8A24-47D0-AC93-BF2749AE5396} = {F0251848-D2D7-4E58-8834-4CCD8D0805DE}
		{BFC4EBBE-CEE8-40F6-857F-13765C9CA526} = {F0251848-D2D7-4E58-8834-4CCD8D0805DE}
		{E0A92A41-0F3F-485F-B0D0-6C3CF982DAB5} = {F0251848-D2D7-4E58-8834-4CCD8D0805DE}
	EndGlobalSection
	GlobalSection(ExtensibilityGlobals) = postSolution
		SolutionGuid = {46A97610-15A8-467A-BAB7-5FA7388A56C1}
	EndGlobalSection
EndGlobal
